
Microsoft Visual Studio Solution File, Format Version 12.00
# Visual Studio Version 17
VisualStudioVersion = 17.10.34818.151
MinimumVisualStudioVersion = 10.0.40219.1
Project("{FAE04EC0-301F-11D3-BF4B-00C04F79EFBC}") = "RapidApi", "RapidApi\RapidApi.csproj", "{9E9F8D12-D19E-43B7-86BA-CB130FE62DB1}"
EndProject
Global
	GlobalSection(SolutionConfigurationPlatforms) = preSolution
		Debug|Any CPU = Debug|Any CPU
		Release|Any CPU = Release|Any CPU
	EndGlobalSection
	GlobalSection(ProjectConfigurationPlatforms) = postSolution
		{9E9F8D12-D19E-43B7-86BA-CB130FE62DB1}.Debug|Any CPU.ActiveCfg = Debug|Any CPU
		{9E9F8D12-D19E-43B7-86BA-CB130FE62DB1}.Debug|Any CPU.Build.0 = Debug|Any CPU
		{9E9F8D12-D19E-43B7-86BA-CB130FE62DB1}.Release|Any CPU.ActiveCfg = Release|Any CPU
		{9E9F8D12-D19E-43B7-86BA-CB130FE62DB1}.Release|Any CPU.Build.0 = Release|Any CPU
	EndGlobalSection
	GlobalSection(SolutionProperties) = preSolution
		HideSolutionNode = FALSE
	EndGlobalSection
	GlobalSection(ExtensibilityGlobals) = postSolution
		SolutionGuid = {BCF33A23-E283-4F91-9750-08F6FF341092}
	EndGlobalSection
EndGlobal
